github.com/chengxueming/tempconv v1.0.0 h1:6mpZQY/ig6PXeeRVH0VqxAMAjMTXqb8v0/qMyaYN0og=
github.com/chengxueming/tempconv v1.0.0/go.mod h1:3kZ5aAYvzVMzc7pPBUlK8XtvGeikNc6ZQOftCfACOV4=
github.com/chengxueming/tempconv v1.0.1 h1:nfPO2wUN50qS1HT2vsoi26iUsAxJncXF4i+BRNVzu7E=
github.com/chengxueming/tempconv v1.0.1/go.mod h1:3kZ5aAYvzVMzc7pPBUlK8XtvGeikNc6ZQOftCfACOV4=
